
Microsoft Visual Studio Solution File, Format Version 12.00
# Visual Studio Version 17
VisualStudioVersion = 17.0.32112.339
MinimumVisualStudioVersion = 10.0.40219.1
Project("{9A19103F-16F7-4668-BE54-9A1E7A4F7556}") = "Dopamine_API_DOTNET5", "Dopamine_API_DOTNET5\Dopamine_API_DOTNET5.csproj", "{6F567B57-3165-4269-A1A3-74AEAFF53457}"
	ProjectSection(ProjectDependencies) = postProject
		{42CB6BB7-688B-4F0D-901A-8DB5A38265C9} = {42CB6BB7-688B-4F0D-901A-8DB5A38265C9}
	EndProjectSection
EndProject
Project("{9A19103F-16F7-4668-BE54-9A1E7A4F7556}") = "Dopamine_API_Data_DOTNET5", "Dopamine_API_Data_DOTNET5\Dopamine_API_Data_DOTNET5.csproj", "{42CB6BB7-688B-4F0D-901A-8DB5A38265C9}"
EndProject
Project("{E53339B2-1760-4266-BCC7-CA923CBCF16C}") = "docker-compose", "docker-compose.dcproj", "{0D11E410-E246-41A8-8A3E-A507060AFA83}"
EndProject
Global
	GlobalSection(SolutionConfigurationPlatforms) = preSolution
		Debug|Any CPU = Debug|Any CPU
		Release|Any CPU = Release|Any CPU
	EndGlobalSection
	GlobalSection(ProjectConfigurationPlatforms) = postSolution
		{6F567B57-3165-4269-A1A3-74AEAFF53457}.Debug|Any CPU.ActiveCfg = Debug|Any CPU
		{6F567B57-3165-4269-A1A3-74AEAFF53457}.Debug|Any CPU.Build.0 = Debug|Any CPU
		{6F567B57-3165-4269-A1A3-74AEAFF53457}.Release|Any CPU.ActiveCfg = Release|Any CPU
		{6F567B57-3165-4269-A1A3-74AEAFF53457}.Release|Any CPU.Build.0 = Release|Any CPU
		{42CB6BB7-688B-4F0D-901A-8DB5A38265C9}.Debug|Any CPU.ActiveCfg = Debug|Any CPU
		{42CB6BB7-688B-4F0D-901A-8DB5A38265C9}.Debug|Any CPU.Build.0 = Debug|Any CPU
		{42CB6BB7-688B-4F0D-901A-8DB5A38265C9}.Release|Any CPU.ActiveCfg = Release|Any CPU
		{42CB6BB7-688B-4F0D-901A-8DB5A38265C9}.Release|Any CPU.Build.0 = Release|Any CPU
		{0D11E410-E246-41A8-8A3E-A507060AFA83}.Debug|Any CPU.ActiveCfg = Debug|Any CPU
		{0D11E410-E246-41A8-8A3E-A507060AFA83}.Debug|Any CPU.Build.0 = Debug|Any CPU
		{0D11E410-E246-41A8-8A3E-A507060AFA83}.Release|Any CPU.ActiveCfg = Release|Any CPU
		{0D11E410-E246-41A8-8A3E-A507060AFA83}.Release|Any CPU.Build.0 = Release|Any CPU
	EndGlobalSection
	GlobalSection(SolutionProperties) = preSolution
		HideSolutionNode = FALSE
	EndGlobalSection
	GlobalSection(ExtensibilityGlobals) = postSolution
		SolutionGuid = {887333CB-E67A-472C-82AB-3E550DA6F80B}
	EndGlobalSection
EndGlobal
